
Microsoft Visual Studio Solution File, Format Version 12.00
# Visual Studio 14
VisualStudioVersion = 14.0.23107.0
MinimumVisualStudioVersion = 10.0.40219.1
Project("{FAE04EC0-301F-11D3-BF4B-00C04F79EFBC}") = "DEG", "DEG\DEG.csproj", "{CAA05BD8-BEC0-44D1-BC76-FB9D216BF6CE}"
EndProject
Project("{FAE04EC0-301F-11D3-BF4B-00C04F79EFBC}") = "_Shared", "_Shared\_Shared.csproj", "{6CE11E09-5217-482E-B3BB-C2EE4FE8ABCC}"
EndProject
Project("{2150E333-8FDC-42A3-9474-1A3956D46DE8}") = "_Data", "_Data", "{F2743BAE-8A5A-4E69-A327-9BC7B09051D3}"
	ProjectSection(SolutionItems) = preProject
		_Data\rosalind_2sat.out.txt = _Data\rosalind_2sat.out.txt
		_Data\rosalind_2sat.tmp.txt = _Data\rosalind_2sat.tmp.txt
		_Data\rosalind_2sat.txt = _Data\rosalind_2sat.txt
		_Data\rosalind_ddeg.out.txt = _Data\rosalind_ddeg.out.txt
		_Data\rosalind_ddeg.txt = _Data\rosalind_ddeg.txt
		_Data\rosalind_deg.out.txt = _Data\rosalind_deg.out.txt
		_Data\rosalind_deg.txt = _Data\rosalind_deg.txt
		_Data\rosalind_gs.out.txt = _Data\rosalind_gs.out.txt
		_Data\rosalind_gs.txt = _Data\rosalind_gs.txt
		_Data\rosalind_sc.out.txt = _Data\rosalind_sc.out.txt
		_Data\rosalind_sc.txt = _Data\rosalind_sc.txt
	EndProjectSection
EndProject
Project("{FAE04EC0-301F-11D3-BF4B-00C04F79EFBC}") = "DDEG", "DDEG\DDEG.csproj", "{BC1672CF-00A8-454A-924E-B453507C943B}"
EndProject
Project("{FAE04EC0-301F-11D3-BF4B-00C04F79EFBC}") = "2SAT", "2SAT\2SAT.csproj", "{55071811-E61D-4D10-9569-179B8068F083}"
EndProject
Project("{FAE04EC0-301F-11D3-BF4B-00C04F79EFBC}") = "GS", "GS\GS.csproj", "{F726F26B-F059-4A46-BD6F-F2231B6BC1D8}"
EndProject
Project("{FAE04EC0-301F-11D3-BF4B-00C04F79EFBC}") = "SC", "SC\SC.csproj", "{BB669763-FEBF-496F-9B32-C12B3E3AC875}"
EndProject
Global
	GlobalSection(SolutionConfigurationPlatforms) = preSolution
		Debug|Any CPU = Debug|Any CPU
		Release|Any CPU = Release|Any CPU
	EndGlobalSection
	GlobalSection(ProjectConfigurationPlatforms) = postSolution
		{CAA05BD8-BEC0-44D1-BC76-FB9D216BF6CE}.Debug|Any CPU.ActiveCfg = Debug|Any CPU
		{CAA05BD8-BEC0-44D1-BC76-FB9D216BF6CE}.Debug|Any CPU.Build.0 = Debug|Any CPU
		{CAA05BD8-BEC0-44D1-BC76-FB9D216BF6CE}.Release|Any CPU.ActiveCfg = Release|Any CPU
		{CAA05BD8-BEC0-44D1-BC76-FB9D216BF6CE}.Release|Any CPU.Build.0 = Release|Any CPU
		{6CE11E09-5217-482E-B3BB-C2EE4FE8ABCC}.Debug|Any CPU.ActiveCfg = Debug|Any CPU
		{6CE11E09-5217-482E-B3BB-C2EE4FE8ABCC}.Debug|Any CPU.Build.0 = Debug|Any CPU
		{6CE11E09-5217-482E-B3BB-C2EE4FE8ABCC}.Release|Any CPU.ActiveCfg = Release|Any CPU
		{6CE11E09-5217-482E-B3BB-C2EE4FE8ABCC}.Release|Any CPU.Build.0 = Release|Any CPU
		{BC1672CF-00A8-454A-924E-B453507C943B}.Debug|Any CPU.ActiveCfg = Debug|Any CPU
		{BC1672CF-00A8-454A-924E-B453507C943B}.Debug|Any CPU.Build.0 = Debug|Any CPU
		{BC1672CF-00A8-454A-924E-B453507C943B}.Release|Any CPU.ActiveCfg = Release|Any CPU
		{BC1672CF-00A8-454A-924E-B453507C943B}.Release|Any CPU.Build.0 = Release|Any CPU
		{55071811-E61D-4D10-9569-179B8068F083}.Debug|Any CPU.ActiveCfg = Debug|Any CPU
		{55071811-E61D-4D10-9569-179B8068F083}.Debug|Any CPU.Build.0 = Debug|Any CPU
		{55071811-E61D-4D10-9569-179B8068F083}.Release|Any CPU.ActiveCfg = Release|Any CPU
		{55071811-E61D-4D10-9569-179B8068F083}.Release|Any CPU.Build.0 = Release|Any CPU
		{F726F26B-F059-4A46-BD6F-F2231B6BC1D8}.Debug|Any CPU.ActiveCfg = Debug|Any CPU
		{F726F26B-F059-4A46-BD6F-F2231B6BC1D8}.Debug|Any CPU.Build.0 = Debug|Any CPU
		{F726F26B-F059-4A46-BD6F-F2231B6BC1D8}.Release|Any CPU.ActiveCfg = Release|Any CPU
		{F726F26B-F059-4A46-BD6F-F2231B6BC1D8}.Release|Any CPU.Build.0 = Release|Any CPU
		{BB669763-FEBF-496F-9B32-C12B3E3AC875}.Debug|Any CPU.ActiveCfg = Debug|Any CPU
		{BB669763-FEBF-496F-9B32-C12B3E3AC875}.Debug|Any CPU.Build.0 = Debug|Any CPU
		{BB669763-FEBF-496F-9B32-C12B3E3AC875}.Release|Any CPU.ActiveCfg = Release|Any CPU
		{BB669763-FEBF-496F-9B32-C12B3E3AC875}.Release|Any CPU.Build.0 = Release|Any CPU
	EndGlobalSection
	GlobalSection(SolutionProperties) = preSolution
		HideSolutionNode = FALSE
	EndGlobalSection
EndGlobal
